// !$*UTF8*$!
{
	archiveVersion = 1;
	classes = {
	};
	objectVersion = 77;
	objects = {

/* Begin PBXBuildFile section */
		0F34E7362EA41ECD008C683C /* DotLottie in Frameworks */ = {isa = PBXBuildFile; productRef = 0F34E7352EA41ECD008C683C /* DotLottie */; };
		0F37A3AD2E7F0BF20036C7EC /* FirebaseAnalytics in Frameworks */ = {isa = PBXBuildFile; productRef = 0F37A3AC2E7F0BF20036C7EC /* FirebaseAnalytics */; };
		0F37A3AF2E7F0BF20036C7EC /* FirebaseAuth in Frameworks */ = {isa = PBXBuildFile; productRef = 0F37A3AE2E7F0BF20036C7EC /* FirebaseAuth */; };
		0F37A3B12E7F0BF20036C7EC /* FirebaseCore in Frameworks */ = {isa = PBXBuildFile; productRef = 0F37A3B02E7F0BF20036C7EC /* FirebaseCore */; };
		0F37A3B32E7F0BF20036C7EC /* FirebaseFirestore in Frameworks */ = {isa = PBXBuildFile; productRef = 0F37A3B22E7F0BF20036C7EC /* FirebaseFirestore */; };
		0F37A3B52E7F0BF20036C7EC /* FirebaseStorage in Frameworks */ = {isa = PBXBuildFile; productRef = 0F37A3B42E7F0BF20036C7EC /* FirebaseStorage */; };
		0F4429CC2E99C95200B7F4A5 /* SuperwallKit in Frameworks */ = {isa = PBXBuildFile; productRef = 0F4429CB2E99C95200B7F4A5 /* SuperwallKit */; };
		0F4A50422E9D83A4008FAA68 /* Mixpanel in Frameworks */ = {isa = PBXBuildFile; productRef = 0F4A50412E9D83A4008FAA68 /* Mixpanel */; };
		0F7A522C2EAC74A900F0982D /* Collections in Frameworks */ = {isa = PBXBuildFile; productRef = 0F7A522B2EAC74A900F0982D /* Collections */; };
/* End PBXBuildFile section */

/* Begin PBXFileReference section */
		0F6EDBA12E7606E000A7595D /* Sleepaholic.app */ = {isa = PBXFileReference; explicitFileType = wrapper.application; includeInIndex = 0; path = Sleepaholic.app; sourceTree = BUILT_PRODUCTS_DIR; };
/* End PBXFileReference section */

/* Begin PBXFileSystemSynchronizedBuildFileExceptionSet section */
		0F40554C2E888F4F005DD9D0 /* Exceptions for "Sleepaholic" folder in "Sleepaholic" target */ = {
			isa = PBXFileSystemSynchronizedBuildFileExceptionSet;
			membershipExceptions = (
				Info.plist,
			);
			target = 0F6EDBA02E7606E000A7595D /* Sleepaholic */;
		};
/* End PBXFileSystemSynchronizedBuildFileExceptionSet section */

/* Begin PBXFileSystemSynchronizedRootGroup section */
		0F6EDBA32E7606E000A7595D /* Sleepaholic */ = {
			isa = PBXFileSystemSynchronizedRootGroup;
			exceptions = (
				0F40554C2E888F4F005DD9D0 /* Exceptions for "Sleepaholic" folder in "Sleepaholic" target */,
			);
			path = Sleepaholic;
			sourceTree = "<group>";
		};
/* End PBXFileSystemSynchronizedRootGroup section */

/* Begin PBXFrameworksBuildPhase section */
		0F6EDB9E2E7606E000A7595D /* Frameworks */ = {
			isa = PBXFrameworksBuildPhase;
			buildActionMask = 2147483647;
			files = (
				0F37A3AD2E7F0BF20036C7EC /* FirebaseAnalytics in Frameworks */,
				0F34E7362EA41ECD008C683C /* DotLottie in Frameworks */,
				0F37A3B32E7F0BF20036C7EC /* FirebaseFirestore in Frameworks */,
				0F4A50422E9D83A4008FAA68 /* Mixpanel in Frameworks */,
				0F37A3B12E7F0BF20036C7EC /* FirebaseCore in Frameworks */,
				0F37A3B52E7F0BF20036C7EC /* FirebaseStorage in Frameworks */,
				0F7A522C2EAC74A900F0982D /* Collections in Frameworks */,
				0F37A3AF2E7F0BF20036C7EC /* FirebaseAuth in Frameworks */,
				0F4429CC2E99C95200B7F4A5 /* SuperwallKit in Frameworks */,
			);
			runOnlyForDeploymentPostprocessing = 0;
		};
/* End PBXFrameworksBuildPhase section */

/* Begin PBXGroup section */
		0F6EDB982E7606E000A7595D = {
			isa = PBXGroup;
			children = (
				0F6EDBA32E7606E000A7595D /* Sleepaholic */,
				0F6EDBA22E7606E000A7595D /* Products */,
			);
			sourceTree = "<group>";
		};
		0F6EDBA22E7606E000A7595D /* Products */ = {
			isa = PBXGroup;
			children = (
				0F6EDBA12E7606E000A7595D /* Sleepaholic.app */,
			);
			name = Products;
			sourceTree = "<group>";
		};
/* End PBXGroup section */

/* Begin PBXNativeTarget section */
		0F6EDBA02E7606E000A7595D /* Sleepaholic */ = {
			isa = PBXNativeTarget;
			buildConfigurationList = 0F6EDBAD2E7606E100A7595D /* Build configuration list for PBXNativeTarget "Sleepaholic" */;
			buildPhases = (
				0F6EDB9D2E7606E000A7595D /* Sources */,
				0F6EDB9E2E7606E000A7595D /* Frameworks */,
				0F6EDB9F2E7606E000A7595D /* Resources */,
			);
			buildRules = (
			);
			dependencies = (
			);
			fileSystemSynchronizedGroups = (
				0F6EDBA32E7606E000A7595D /* Sleepaholic */,
			);
			name = Sleepaholic;
			packageProductDependencies = (
				0F37A3AC2E7F0BF20036C7EC /* FirebaseAnalytics */,
				0F37A3AE2E7F0BF20036C7EC /* FirebaseAuth */,
				0F37A3B02E7F0BF20036C7EC /* FirebaseCore */,
				0F37A3B22E7F0BF20036C7EC /* FirebaseFirestore */,
				0F37A3B42E7F0BF20036C7EC /* FirebaseStorage */,
				0F4429CB2E99C95200B7F4A5 /* SuperwallKit */,
				0F4A50412E9D83A4008FAA68 /* Mixpanel */,
				0F34E7352EA41ECD008C683C /* DotLottie */,
				0F7A522B2EAC74A900F0982D /* Collections */,
			);
			productName = Sleepaholic;
			productReference = 0F6EDBA12E7606E000A7595D /* Sleepaholic.app */;
			productType = "com.apple.product-type.application";
		};
/* End PBXNativeTarget section */

/* Begin PBXProject section */
		0F6EDB992E7606E000A7595D /* Project object */ = {
			isa = PBXProject;
			attributes = {
				BuildIndependentTargetsInParallel = 1;
				LastSwiftUpdateCheck = 1640;
				LastUpgradeCheck = 1640;
				TargetAttributes = {
					0F6EDBA02E7606E000A7595D = {
						CreatedOnToolsVersion = 16.4;
					};
				};
			};
			buildConfigurationList = 0F6EDB9C2E7606E000A7595D /* Build configuration list for PBXProject "Sleepaholic" */;
			developmentRegion = en;
			hasScannedForEncodings = 0;
			knownRegions = (
				en,
				Base,
			);
			mainGroup = 0F6EDB982E7606E000A7595D;
			minimizedProjectReferenceProxies = 1;
			packageReferences = (
				0F37A3AB2E7F0BF10036C7EC /* XCRemoteSwiftPackageReference "firebase-ios-sdk" */,
				0F4429CA2E99C95200B7F4A5 /* XCRemoteSwiftPackageReference "Superwall-iOS" */,
				0F4A50402E9D83A4008FAA68 /* XCRemoteSwiftPackageReference "mixpanel-swift" */,
				0F34E7342EA41ECD008C683C /* XCRemoteSwiftPackageReference "dotlottie-ios" */,
				0F7A522A2EAC74A900F0982D /* XCRemoteSwiftPackageReference "swift-collections" */,
			);
			preferredProjectObjectVersion = 77;
			productRefGroup = 0F6EDBA22E7606E000A7595D /* Products */;
			projectDirPath = "";
			projectRoot = "";
			targets = (
				0F6EDBA02E7606E000A7595D /* Sleepaholic */,
			);
		};
/* End PBXProject section */

/* Begin PBXResourcesBuildPhase section */
		0F6EDB9F2E7606E000A7595D /* Resources */ = {
			isa = PBXResourcesBuildPhase;
			buildActionMask = 2147483647;
			files = (
			);
			runOnlyForDeploymentPostprocessing = 0;
		};
/* End PBXResourcesBuildPhase section */

/* Begin PBXSourcesBuildPhase section */
		0F6EDB9D2E7606E000A7595D /* Sources */ = {
			isa = PBXSourcesBuildPhase;
			buildActionMask = 2147483647;
			files = (
			);
			runOnlyForDeploymentPostprocessing = 0;
		};
/* End PBXSourcesBuildPhase section */

/* Begin XCBuildConfiguration section */
		0F6EDBAB2E7606E100A7595D /* Debug */ = {
			isa = XCBuildConfiguration;
			buildSettings = {
				ALWAYS_SEARCH_USER_PATHS = NO;
				ASSETCATALOG_COMPILER_GENERATE_SWIFT_ASSET_SYMBOL_EXTENSIONS = YES;
				CLANG_ANALYZER_NONNULL = YES;
				CLANG_ANALYZER_NUMBER_OBJECT_CONVERSION = YES_AGGRESSIVE;
				CLANG_CXX_LANGUAGE_STANDARD = "gnu++20";
				CLANG_ENABLE_MODULES = YES;
				CLANG_ENABLE_OBJC_ARC = YES;
				CLANG_ENABLE_OBJC_WEAK = YES;
				CLANG_WARN_BLOCK_CAPTURE_AUTORELEASING = YES;
				CLANG_WARN_BOOL_CONVERSION = YES;
				CLANG_WARN_COMMA = YES;
				CLANG_WARN_CONSTANT_CONVERSION = YES;
				CLANG_WARN_DEPRECATED_OBJC_IMPLEMENTATIONS = YES;
				CLANG_WARN_DIRECT_OBJC_ISA_USAGE = YES_ERROR;
				CLANG_WARN_DOCUMENTATION_COMMENTS = YES;
				CLANG_WARN_EMPTY_BODY = YES;
				CLANG_WARN_ENUM_CONVERSION = YES;
				CLANG_WARN_INFINITE_RECURSION = YES;
				CLANG_WARN_INT_CONVERSION = YES;
				CLANG_WARN_NON_LITERAL_NULL_CONVERSION = YES;
				CLANG_WARN_OBJC_IMPLICIT_RETAIN_SELF = YES;
				CLANG_WARN_OBJC_LITERAL_CONVERSION = YES;
				CLANG_WARN_OBJC_ROOT_CLASS = YES_ERROR;
				CLANG_WARN_QUOTED_INCLUDE_IN_FRAMEWORK_HEADER = YES;
				CLANG_WARN_RANGE_LOOP_ANALYSIS = YES;
				CLANG_WARN_STRICT_PROTOTYPES = YES;
				CLANG_WARN_SUSPICIOUS_MOVE = YES;
				CLANG_WARN_UNGUARDED_AVAILABILITY = YES_AGGRESSIVE;
				CLANG_WARN_UNREACHABLE_CODE = YES;
				CLANG_WARN__DUPLICATE_METHOD_MATCH = YES;
				COPY_PHASE_STRIP = NO;
				DEBUG_INFORMATION_FORMAT = dwarf;
				DEVELOPMENT_TEAM = TQA45A7B6K;
				ENABLE_STRICT_OBJC_MSGSEND = YES;
				ENABLE_TESTABILITY = YES;
				ENABLE_USER_SCRIPT_SANDBOXING = YES;
				GCC_C_LANGUAGE_STANDARD = gnu17;
				GCC_DYNAMIC_NO_PIC = NO;
				GCC_NO_COMMON_BLOCKS = YES;
				GCC_OPTIMIZATION_LEVEL = 0;
				GCC_PREPROCESSOR_DEFINITIONS = (
					"DEBUG=1",
					"$(inherited)",
				);
				GCC_WARN_64_TO_32_BIT_CONVERSION = YES;
				GCC_WARN_ABOUT_RETURN_TYPE = YES_ERROR;
				GCC_WARN_UNDECLARED_SELECTOR = YES;
				GCC_WARN_UNINITIALIZED_AUTOS = YES_AGGRESSIVE;
				GCC_WARN_UNUSED_FUNCTION = YES;
				GCC_WARN_UNUSED_VARIABLE = YES;
				LOCALIZATION_PREFERS_STRING_CATALOGS = YES;
				MTL_ENABLE_DEBUG_INFO = INCLUDE_SOURCE;
				MTL_FAST_MATH = YES;
				ONLY_ACTIVE_ARCH = YES;
				SWIFT_ACTIVE_COMPILATION_CONDITIONS = "DEBUG $(inherited)";
				SWIFT_OPTIMIZATION_LEVEL = "-Onone";
			};
			name = Debug;
		};
		0F6EDBAC2E7606E100A7595D /* Release */ = {
			isa = XCBuildConfiguration;
			buildSettings = {
				ALWAYS_SEARCH_USER_PATHS = NO;
				ASSETCATALOG_COMPILER_GENERATE_SWIFT_ASSET_SYMBOL_EXTENSIONS = YES;
				CLANG_ANALYZER_NONNULL = YES;
				CLANG_ANALYZER_NUMBER_OBJECT_CONVERSION = YES_AGGRESSIVE;
				CLANG_CXX_LANGUAGE_STANDARD = "gnu++20";
				CLANG_ENABLE_MODULES = YES;
				CLANG_ENABLE_OBJC_ARC = YES;
				CLANG_ENABLE_OBJC_WEAK = YES;
				CLANG_WARN_BLOCK_CAPTURE_AUTORELEASING = YES;
				CLANG_WARN_BOOL_CONVERSION = YES;
				CLANG_WARN_COMMA = YES;
				CLANG_WARN_CONSTANT_CONVERSION = YES;
				CLANG_WARN_DEPRECATED_OBJC_IMPLEMENTATIONS = YES;
				CLANG_WARN_DIRECT_OBJC_ISA_USAGE = YES_ERROR;
				CLANG_WARN_DOCUMENTATION_COMMENTS = YES;
				CLANG_WARN_EMPTY_BODY = YES;
				CLANG_WARN_ENUM_CONVERSION = YES;
				CLANG_WARN_INFINITE_RECURSION = YES;
				CLANG_WARN_INT_CONVERSION = YES;
				CLANG_WARN_NON_LITERAL_NULL_CONVERSION = YES;
				CLANG_WARN_OBJC_IMPLICIT_RETAIN_SELF = YES;
				CLANG_WARN_OBJC_LITERAL_CONVERSION = YES;
				CLANG_WARN_OBJC_ROOT_CLASS = YES_ERROR;
				CLANG_WARN_QUOTED_INCLUDE_IN_FRAMEWORK_HEADER = YES;
				CLANG_WARN_RANGE_LOOP_ANALYSIS = YES;
				CLANG_WARN_STRICT_PROTOTYPES = YES;
				CLANG_WARN_SUSPICIOUS_MOVE = YES;
				CLANG_WARN_UNGUARDED_AVAILABILITY = YES_AGGRESSIVE;
				CLANG_WARN_UNREACHABLE_CODE = YES;
				CLANG_WARN__DUPLICATE_METHOD_MATCH = YES;
				COPY_PHASE_STRIP = NO;
				DEBUG_INFORMATION_FORMAT = "dwarf-with-dsym";
				DEVELOPMENT_TEAM = TQA45A7B6K;
				ENABLE_NS_ASSERTIONS = NO;
				ENABLE_STRICT_OBJC_MSGSEND = YES;
				ENABLE_USER_SCRIPT_SANDBOXING = YES;
				GCC_C_LANGUAGE_STANDARD = gnu17;
				GCC_NO_COMMON_BLOCKS = YES;
				GCC_WARN_64_TO_32_BIT_CONVERSION = YES;
				GCC_WARN_ABOUT_RETURN_TYPE = YES_ERROR;
				GCC_WARN_UNDECLARED_SELECTOR = YES;
				GCC_WARN_UNINITIALIZED_AUTOS = YES_AGGRESSIVE;
				GCC_WARN_UNUSED_FUNCTION = YES;
				GCC_WARN_UNUSED_VARIABLE = YES;
				LOCALIZATION_PREFERS_STRING_CATALOGS = YES;
				MTL_ENABLE_DEBUG_INFO = NO;
				MTL_FAST_MATH = YES;
				SWIFT_COMPILATION_MODE = wholemodule;
			};
			name = Release;
		};
		0F6EDBAE2E7606E100A7595D /* Debug */ = {
			isa = XCBuildConfiguration;
			buildSettings = {
				ASSETCATALOG_COMPILER_APPICON_NAME = AppIcon;
				ASSETCATALOG_COMPILER_GLOBAL_ACCENT_COLOR_NAME = AccentColor;
				CODE_SIGN_ENTITLEMENTS = Sleepaholic/Sleepaholic.entitlements;
				CODE_SIGN_STYLE = Automatic;
				CURRENT_PROJECT_VERSION = 1;
				DEVELOPMENT_TEAM = TQA45A7B6K;
				ENABLE_HARDENED_RUNTIME = YES;
				ENABLE_PREVIEWS = YES;
				GENERATE_INFOPLIST_FILE = YES;
				INFOPLIST_FILE = Sleepaholic/Info.plist;
				INFOPLIST_KEY_NSHealthShareUsageDescription = "Sleepaholic uses your Apple Health sleep data to provide accurate sleep stages, time asleep, and sleep insights. This data stays on your device and is never uploaded to servers.\n";
				INFOPLIST_KEY_NSHealthUpdateUsageDescription = "Sleepaholic requires access to your Apple Health information to provide accurate sleep insights and analytics. This data remains private on your device.\n";
				INFOPLIST_KEY_NSMicrophoneUsageDescription = "Sleepaholic needs microphone access to track sleep sounds.";
				"INFOPLIST_KEY_UIApplicationSceneManifest_Generation[sdk=iphoneos*]" = YES;
				"INFOPLIST_KEY_UIApplicationSceneManifest_Generation[sdk=iphonesimulator*]" = YES;
				"INFOPLIST_KEY_UIApplicationSupportsIndirectInputEvents[sdk=iphoneos*]" = YES;
				"INFOPLIST_KEY_UIApplicationSupportsIndirectInputEvents[sdk=iphonesimulator*]" = YES;
				"INFOPLIST_KEY_UILaunchScreen_Generation[sdk=iphoneos*]" = YES;
				"INFOPLIST_KEY_UILaunchScreen_Generation[sdk=iphonesimulator*]" = YES;
				"INFOPLIST_KEY_UIStatusBarStyle[sdk=iphoneos*]" = UIStatusBarStyleDefault;
				"INFOPLIST_KEY_UIStatusBarStyle[sdk=iphonesimulator*]" = UIStatusBarStyleDefault;
				INFOPLIST_KEY_UISupportedInterfaceOrientations = UIInterfaceOrientationPortrait;
				IPHONEOS_DEPLOYMENT_TARGET = 17.6;
				LD_RUNPATH_SEARCH_PATHS = "@executable_path/Frameworks";
				"LD_RUNPATH_SEARCH_PATHS[sdk=macosx*]" = "@executable_path/../Frameworks";
				MACOSX_DEPLOYMENT_TARGET = 15.5;
				MARKETING_VERSION = 1.1.5;
				PRODUCT_BUNDLE_IDENTIFIER = com.dylen.Sleepaholic;
				PRODUCT_NAME = "$(TARGET_NAME)";
				REGISTER_APP_GROUPS = YES;
				SDKROOT = auto;
				SUPPORTED_PLATFORMS = "iphoneos iphonesimulator";
				SUPPORTS_MACCATALYST = NO;
				SWIFT_EMIT_LOC_STRINGS = YES;
				SWIFT_VERSION = 5.0;
				TARGETED_DEVICE_FAMILY = 1;
				XROS_DEPLOYMENT_TARGET = 2.5;
			};
			name = Debug;
		};
		0F6EDBAF2E7606E100A7595D /* Release */ = {
			isa = XCBuildConfiguration;
			buildSettings = {
				ASSETCATALOG_COMPILER_APPICON_NAME = AppIcon;
				ASSETCATALOG_COMPILER_GLOBAL_ACCENT_COLOR_NAME = AccentColor;
				CODE_SIGN_ENTITLEMENTS = Sleepaholic/Sleepaholic.entitlements;
				CODE_SIGN_STYLE = Automatic;
				CURRENT_PROJECT_VERSION = 1;
				DEVELOPMENT_TEAM = TQA45A7B6K;
				ENABLE_HARDENED_RUNTIME = YES;
				ENABLE_PREVIEWS = YES;
				GENERATE_INFOPLIST_FILE = YES;
				INFOPLIST_FILE = Sleepaholic/Info.plist;
				INFOPLIST_KEY_NSHealthShareUsageDescription = "Sleepaholic uses your Apple Health sleep data to provide accurate sleep stages, time asleep, and sleep insights. This data stays on your device and is never uploaded to servers.\n";
				INFOPLIST_KEY_NSHealthUpdateUsageDescription = "Sleepaholic requires access to your Apple Health information to provide accurate sleep insights and analytics. This data remains private on your device.\n";
				INFOPLIST_KEY_NSMicrophoneUsageDescription = "Sleepaholic needs microphone access to track sleep sounds.";
				"INFOPLIST_KEY_UIApplicationSceneManifest_Generation[sdk=iphoneos*]" = YES;
				"INFOPLIST_KEY_UIApplicationSceneManifest_Generation[sdk=iphonesimulator*]" = YES;
				"INFOPLIST_KEY_UIApplicationSupportsIndirectInputEvents[sdk=iphoneos*]" = YES;
				"INFOPLIST_KEY_UIApplicationSupportsIndirectInputEvents[sdk=iphonesimulator*]" = YES;
				"INFOPLIST_KEY_UILaunchScreen_Generation[sdk=iphoneos*]" = YES;
				"INFOPLIST_KEY_UILaunchScreen_Generation[sdk=iphonesimulator*]" = YES;
				"INFOPLIST_KEY_UIStatusBarStyle[sdk=iphoneos*]" = UIStatusBarStyleDefault;
				"INFOPLIST_KEY_UIStatusBarStyle[sdk=iphonesimulator*]" = UIStatusBarStyleDefault;
				INFOPLIST_KEY_UISupportedInterfaceOrientations = UIInterfaceOrientationPortrait;
				IPHONEOS_DEPLOYMENT_TARGET = 17.6;
				LD_RUNPATH_SEARCH_PATHS = "@executable_path/Frameworks";
				"LD_RUNPATH_SEARCH_PATHS[sdk=macosx*]" = "@executable_path/../Frameworks";
				MACOSX_DEPLOYMENT_TARGET = 15.5;
				MARKETING_VERSION = 1.1.5;
				PRODUCT_BUNDLE_IDENTIFIER = com.dylen.Sleepaholic;
				PRODUCT_NAME = "$(TARGET_NAME)";
				REGISTER_APP_GROUPS = YES;
				SDKROOT = auto;
				SUPPORTED_PLATFORMS = "iphoneos iphonesimulator";
				SUPPORTS_MACCATALYST = NO;
				SWIFT_EMIT_LOC_STRINGS = YES;
				SWIFT_VERSION = 5.0;
				TARGETED_DEVICE_FAMILY = 1;
				XROS_DEPLOYMENT_TARGET = 2.5;
			};
			name = Release;
		};
/* End XCBuildConfiguration section */

/* Begin XCConfigurationList section */
		0F6EDB9C2E7606E000A7595D /* Build configuration list for PBXProject "Sleepaholic" */ = {
			isa = XCConfigurationList;
			buildConfigurations = (
				0F6EDBAB2E7606E100A7595D /* Debug */,
				0F6EDBAC2E7606E100A7595D /* Release */,
			);
			defaultConfigurationIsVisible = 0;
			defaultConfigurationName = Release;
		};
		0F6EDBAD2E7606E100A7595D /* Build configuration list for PBXNativeTarget "Sleepaholic" */ = {
			isa = XCConfigurationList;
			buildConfigurations = (
				0F6EDBAE2E7606E100A7595D /* Debug */,
				0F6EDBAF2E7606E100A7595D /* Release */,
			);
			defaultConfigurationIsVisible = 0;
			defaultConfigurationName = Release;
		};
/* End XCConfigurationList section */

/* Begin XCRemoteSwiftPackageReference section */
		0F34E7342EA41ECD008C683C /* XCRemoteSwiftPackageReference "dotlottie-ios" */ = {
			isa = XCRemoteSwiftPackageReference;
			repositoryURL = "https://github.com/LottieFiles/dotlottie-ios";
			requirement = {
				branch = main;
				kind = branch;
			};
		};
		0F37A3AB2E7F0BF10036C7EC /* XCRemoteSwiftPackageReference "firebase-ios-sdk" */ = {
			isa = XCRemoteSwiftPackageReference;
			repositoryURL = "https://github.com/firebase/firebase-ios-sdk";
			requirement = {
				kind = upToNextMajorVersion;
				minimumVersion = 12.3.0;
			};
		};
		0F4429CA2E99C95200B7F4A5 /* XCRemoteSwiftPackageReference "Superwall-iOS" */ = {
			isa = XCRemoteSwiftPackageReference;
			repositoryURL = "https://github.com/superwall/Superwall-iOS";
			requirement = {
				kind = upToNextMajorVersion;
				minimumVersion = 4.8.3;
			};
		};
		0F4A50402E9D83A4008FAA68 /* XCRemoteSwiftPackageReference "mixpanel-swift" */ = {
			isa = XCRemoteSwiftPackageReference;
			repositoryURL = "https://github.com/mixpanel/mixpanel-swift";
			requirement = {
				branch = master;
				kind = branch;
			};
		};
		0F7A522A2EAC74A900F0982D /* XCRemoteSwiftPackageReference "swift-collections" */ = {
			isa = XCRemoteSwiftPackageReference;
			repositoryURL = "https://github.com/apple/swift-collections.git";
			requirement = {
				kind = upToNextMajorVersion;
				minimumVersion = 1.3.0;
			};
		};
/* End XCRemoteSwiftPackageReference section */

/* Begin XCSwiftPackageProductDependency section */
		0F34E7352EA41ECD008C683C /* DotLottie */ = {
			isa = XCSwiftPackageProductDependency;
			package = 0F34E7342EA41ECD008C683C /* XCRemoteSwiftPackageReference "dotlottie-ios" */;
			productName = DotLottie;
		};
		0F37A3AC2E7F0BF20036C7EC /* FirebaseAnalytics */ = {
			isa = XCSwiftPackageProductDependency;
			package = 0F37A3AB2E7F0BF10036C7EC /* XCRemoteSwiftPackageReference "firebase-ios-sdk" */;
			productName = FirebaseAnalytics;
		};
		0F37A3AE2E7F0BF20036C7EC /* FirebaseAuth */ = {
			isa = XCSwiftPackageProductDependency;
			package = 0F37A3AB2E7F0BF10036C7EC /* XCRemoteSwiftPackageReference "firebase-ios-sdk" */;
			productName = FirebaseAuth;
		};
		0F37A3B02E7F0BF20036C7EC /* FirebaseCore */ = {
			isa = XCSwiftPackageProductDependency;
			package = 0F37A3AB2E7F0BF10036C7EC /* XCRemoteSwiftPackageReference "firebase-ios-sdk" */;
			productName = FirebaseCore;
		};
		0F37A3B22E7F0BF20036C7EC /* FirebaseFirestore */ = {
			isa = XCSwiftPackageProductDependency;
			package = 0F37A3AB2E7F0BF10036C7EC /* XCRemoteSwiftPackageReference "firebase-ios-sdk" */;
			productName = FirebaseFirestore;
		};
		0F37A3B42E7F0BF20036C7EC /* FirebaseStorage */ = {
			isa = XCSwiftPackageProductDependency;
			package = 0F37A3AB2E7F0BF10036C7EC /* XCRemoteSwiftPackageReference "firebase-ios-sdk" */;
			productName = FirebaseStorage;
		};
		0F4429CB2E99C95200B7F4A5 /* SuperwallKit */ = {
			isa = XCSwiftPackageProductDependency;
			package = 0F4429CA2E99C95200B7F4A5 /* XCRemoteSwiftPackageReference "Superwall-iOS" */;
			productName = SuperwallKit;
		};
		0F4A50412E9D83A4008FAA68 /* Mixpanel */ = {
			isa = XCSwiftPackageProductDependency;
			package = 0F4A50402E9D83A4008FAA68 /* XCRemoteSwiftPackageReference "mixpanel-swift" */;
			productName = Mixpanel;
		};
		0F7A522B2EAC74A900F0982D /* Collections */ = {
			isa = XCSwiftPackageProductDependency;
			package = 0F7A522A2EAC74A900F0982D /* XCRemoteSwiftPackageReference "swift-collections" */;
			productName = Collections;
		};
/* End XCSwiftPackageProductDependency section */
	};
	rootObject = 0F6EDB992E7606E000A7595D /* Project object */;
}
